Microsoft Visual Studio Solution File, Format Version 12.00
# Visual Studio 15
VisualStudioVersion = 15.0.26430.16
MinimumVisualStudioVersion = 10.0.40219.1
Project("{2150E333-8FDC-42A3-9474-1A3956D46DE8}") = "src", "src", "{61219453-ED80-4CC7-BEC6-781679E5300E}"
EndProject
Project("{2150E333-8FDC-42A3-9474-1A3956D46DE8}") = "Solution Items", "Solution Items", "{0F4979FB-110E-4C9E-AD4C-2A6469893634}"
EndProject
Project("{2150E333-8FDC-42A3-9474-1A3956D46DE8}") = "test", "test", "{67DD0020-6054-45C9-9E1F-09AC64B0636B}"
EndProject
Project("{9A19103F-16F7-4668-BE54-9A1E7A4F7556}") = "c7.auth", "src\WebApi\c7.auth.csproj", "{D12F57F2-96BB-466D-9303-D837833A44D8}"
EndProject
Project("{9A19103F-16F7-4668-BE54-9A1E7A4F7556}") = "c7.auth.tests", "test\c7.auth.tests\c7.auth.tests.csproj", "{3DC412AD-9234-44AA-BB41-FBC89F6910AF}"
EndProject
Global
	GlobalSection(SolutionConfigurationPlatforms) = preSolution
		Debug|Any CPU = Debug|Any CPU
		Release|Any CPU = Release|Any CPU
	EndGlobalSection
	GlobalSection(ProjectConfigurationPlatforms) = postSolution
		{D12F57F2-96BB-466D-9303-D837833A44D8}.Debug|Any CPU.ActiveCfg = Debug|Any CPU
		{D12F57F2-96BB-466D-9303-D837833A44D8}.Debug|Any CPU.Build.0 = Debug|Any CPU
		{D12F57F2-96BB-466D-9303-D837833A44D8}.Release|Any CPU.ActiveCfg = Release|Any CPU
		{D12F57F2-96BB-466D-9303-D837833A44D8}.Release|Any CPU.Build.0 = Release|Any CPU
		{3DC412AD-9234-44AA-BB41-FBC89F6910AF}.Debug|Any CPU.ActiveCfg = Debug|Any CPU
		{3DC412AD-9234-44AA-BB41-FBC89F6910AF}.Debug|Any CPU.Build.0 = Debug|Any CPU
		{3DC412AD-9234-44AA-BB41-FBC89F6910AF}.Release|Any CPU.ActiveCfg = Release|Any CPU
		{3DC412AD-9234-44AA-BB41-FBC89F6910AF}.Release|Any CPU.Build.0 = Release|Any CPU
	EndGlobalSection
	GlobalSection(SolutionProperties) = preSolution
		HideSolutionNode = FALSE
	EndGlobalSection
	GlobalSection(NestedProjects) = preSolution
		{D12F57F2-96BB-466D-9303-D837833A44D8} = {61219453-ED80-4CC7-BEC6-781679E5300E}
		{3DC412AD-9234-44AA-BB41-FBC89F6910AF} = {67DD0020-6054-45C9-9E1F-09AC64B0636B}
	EndGlobalSection
EndGlobal
